
Microsoft Visual Studio Solution File, Format Version 12.00
# Visual Studio Version 16
VisualStudioVersion = 16.0.31605.320
MinimumVisualStudioVersion = 10.0.40219.1
Project("{FAE04EC0-301F-11D3-BF4B-00C04F79EFBC}") = "Peak.Test", "Peak.Test\Peak.Test.csproj", "{5B019967-B786-4096-981C-5C1FE9BA7093}"
EndProject
Project("{FAE04EC0-301F-11D3-BF4B-00C04F79EFBC}") = "Peak.Test.Tests", "Peak.Test.Tests\Peak.Test.Tests.csproj", "{DC269BC3-E5A9-42F6-9B52-D2CFE92F5F2B}"
EndProject
Global
	GlobalSection(SolutionConfigurationPlatforms) = preSolution
		Debug|Any CPU = Debug|Any CPU
		Release|Any CPU = Release|Any CPU
	EndGlobalSection
	GlobalSection(ProjectConfigurationPlatforms) = postSolution
		{5B019967-B786-4096-981C-5C1FE9BA7093}.Debug|Any CPU.ActiveCfg = Debug|Any CPU
		{5B019967-B786-4096-981C-5C1FE9BA7093}.Debug|Any CPU.Build.0 = Debug|Any CPU
		{5B019967-B786-4096-981C-5C1FE9BA7093}.Release|Any CPU.ActiveCfg = Release|Any CPU
		{5B019967-B786-4096-981C-5C1FE9BA7093}.Release|Any CPU.Build.0 = Release|Any CPU
		{DC269BC3-E5A9-42F6-9B52-D2CFE92F5F2B}.Debug|Any CPU.ActiveCfg = Debug|Any CPU
		{DC269BC3-E5A9-42F6-9B52-D2CFE92F5F2B}.Debug|Any CPU.Build.0 = Debug|Any CPU
		{DC269BC3-E5A9-42F6-9B52-D2CFE92F5F2B}.Release|Any CPU.ActiveCfg = Release|Any CPU
		{DC269BC3-E5A9-42F6-9B52-D2CFE92F5F2B}.Release|Any CPU.Build.0 = Release|Any CPU
	EndGlobalSection
	GlobalSection(SolutionProperties) = preSolution
		HideSolutionNode = FALSE
	EndGlobalSection
	GlobalSection(ExtensibilityGlobals) = postSolution
		SolutionGuid = {095FB306-F0ED-455C-B23D-8C9FF1EB5BF5}
	EndGlobalSection
EndGlobal
